
Microsoft Visual Studio Solution File, Format Version 12.00
# Visual Studio Version 16
VisualStudioVersion = 16.0.31005.135
MinimumVisualStudioVersion = 10.0.40219.1
Project("{FAE04EC0-301F-11D3-BF4B-00C04F79EFBC}") = "QuadraticEquation", "QuadraticEquation\QuadraticEquation.csproj", "{6F50930F-5C7E-466E-8F07-7612AA0C09F2}"
EndProject
Project("{FAE04EC0-301F-11D3-BF4B-00C04F79EFBC}") = "QuadraticEquationTest", "QuadraticEquationTest\QuadraticEquationTest.csproj", "{3E37E43C-1E89-4BB3-B23F-0257243B8796}"
EndProject
Global
	GlobalSection(SolutionConfigurationPlatforms) = preSolution
		Debug|Any CPU = Debug|Any CPU
		Release|Any CPU = Release|Any CPU
	EndGlobalSection
	GlobalSection(ProjectConfigurationPlatforms) = postSolution
		{6F50930F-5C7E-466E-8F07-7612AA0C09F2}.Debug|Any CPU.ActiveCfg = Debug|Any CPU
		{6F50930F-5C7E-466E-8F07-7612AA0C09F2}.Debug|Any CPU.Build.0 = Debug|Any CPU
		{6F50930F-5C7E-466E-8F07-7612AA0C09F2}.Release|Any CPU.ActiveCfg = Release|Any CPU
		{6F50930F-5C7E-466E-8F07-7612AA0C09F2}.Release|Any CPU.Build.0 = Release|Any CPU
		{3E37E43C-1E89-4BB3-B23F-0257243B8796}.Debug|Any CPU.ActiveCfg = Debug|Any CPU
		{3E37E43C-1E89-4BB3-B23F-0257243B8796}.Debug|Any CPU.Build.0 = Debug|Any CPU
		{3E37E43C-1E89-4BB3-B23F-0257243B8796}.Release|Any CPU.ActiveCfg = Release|Any CPU
		{3E37E43C-1E89-4BB3-B23F-0257243B8796}.Release|Any CPU.Build.0 = Release|Any CPU
	EndGlobalSection
	GlobalSection(SolutionProperties) = preSolution
		HideSolutionNode = FALSE
	EndGlobalSection
	GlobalSection(ExtensibilityGlobals) = postSolution
		SolutionGuid = {0731109E-8416-4842-AF15-5748A3CE13AE}
	EndGlobalSection
EndGlobal
